// !$*UTF8*$!
{
	archiveVersion = 1;
	classes = {
	};
	objectVersion = 46;
	objects = {

/* Begin PBXBuildFile section */
		3179A73038DA4FC482974E89 /* libPods-WeAreHere.a in Frameworks */ = {isa = PBXBuildFile; fileRef = 3859F4964D5C4608911E7B1F /* libPods-WeAreHere.a */; };
		482074711A37EA100083A938 /* WRHUserManager.m in Sources */ = {isa = PBXBuildFile; fileRef = 482074701A37EA100083A938 /* WRHUserManager.m */; };
		482074741A37EE2A0083A938 /* WRHUser.m in Sources */ = {isa = PBXBuildFile; fileRef = 482074731A37EE2A0083A938 /* WRHUser.m */; };
		48A5A86E1A1F056800611DD8 /* WRHOccupancyManager.m in Sources */ = {isa = PBXBuildFile; fileRef = 48A5A86D1A1F056800611DD8 /* WRHOccupancyManager.m */; };
		48A5A8711A1F059400611DD8 /* WRHRoomManager.m in Sources */ = {isa = PBXBuildFile; fileRef = 48A5A8701A1F059400611DD8 /* WRHRoomManager.m */; };
		48BDE1351A16D394004460F8 /* main.m in Sources */ = {isa = PBXBuildFile; fileRef = 48BDE1341A16D394004460F8 /* main.m */; };
		48BDE1381A16D394004460F8 /* AppDelegate.m in Sources */ = {isa = PBXBuildFile; fileRef = 48BDE1371A16D394004460F8 /* AppDelegate.m */; };
		48BDE13B1A16D394004460F8 /* ViewController.m in Sources */ = {isa = PBXBuildFile; fileRef = 48BDE13A1A16D394004460F8 /* ViewController.m */; };
		48BDE13E1A16D394004460F8 /* Main.storyboard in Resources */ = {isa = PBXBuildFile; fileRef = 48BDE13C1A16D394004460F8 /* Main.storyboard */; };
		48BDE1401A16D394004460F8 /* Images.xcassets in Resources */ = {isa = PBXBuildFile; fileRef = 48BDE13F1A16D394004460F8 /* Images.xcassets */; };
		48BDE1431A16D394004460F8 /* LaunchScreen.xib in Resources */ = {isa = PBXBuildFile; fileRef = 48BDE1411A16D394004460F8 /* LaunchScreen.xib */; };
		48BDE14F1A16D394004460F8 /* WeAreHereTests.m in Sources */ = {isa = PBXBuildFile; fileRef = 48BDE14E1A16D394004460F8 /* WeAreHereTests.m */; };
		48BDE15A1A16DAE4004460F8 /* WRHSampler.m in Sources */ = {isa = PBXBuildFile; fileRef = 48BDE1591A16DAE4004460F8 /* WRHSampler.m */; };
		48BDE1901A171810004460F8 /* WRHIndoorLocationManager.m in Sources */ = {isa = PBXBuildFile; fileRef = 48BDE18F1A171810004460F8 /* WRHIndoorLocationManager.m */; };
		48E9F3E61A1E8D770042258E /* WRHCommunicationManager.m in Sources */ = {isa = PBXBuildFile; fileRef = 48E9F3E51A1E8D770042258E /* WRHCommunicationManager.m */; };
		48E9F3E91A1ED0410042258E /* WRHRoom.m in Sources */ = {isa = PBXBuildFile; fileRef = 48E9F3E81A1ED0410042258E /* WRHRoom.m */; };
		48E9F3EF1A1EDF5F0042258E /* WRHOccupancy.m in Sources */ = {isa = PBXBuildFile; fileRef = 48E9F3EE1A1EDF5F0042258E /* WRHOccupancy.m */; };
		48FE8F0D1A17267800A14C8D /* WRHSampleContainer.m in Sources */ = {isa = PBXBuildFile; fileRef = 48FE8F0C1A17267800A14C8D /* WRHSampleContainer.m */; };
		48FE8F0F1A17E98E00A14C8D /* MapKit.framework in Frameworks */ = {isa = PBXBuildFile; fileRef = 48FE8F0E1A17E98E00A14C8D /* MapKit.framework */; };
		6AB643720A0B4708BEA0C6C7 /* libPods-WeAreHereTests.a in Frameworks */ = {isa = PBXBuildFile; fileRef = D0151DA42B0F4B1980B3CD84 /* libPods-WeAreHereTests.a */; };
		DB2DF9361A1E895900103DE9 /* LoginViewController.m in Sources */ = {isa = PBXBuildFile; fileRef = DB2DF9351A1E895900103DE9 /* LoginViewController.m */; };
		DB2DF9391A1E8A5300103DE9 /* LocationsTableViewController.m in Sources */ = {isa = PBXBuildFile; fileRef = DB2DF9381A1E8A5300103DE9 /* LocationsTableViewController.m */; };
		DB2DF93C1A1E940200103DE9 /* MapViewController.m in Sources */ = {isa = PBXBuildFile; fileRef = DB2DF93B1A1E940200103DE9 /* MapViewController.m */; };
		DB2DF93F1A1E96D500103DE9 /* cornellfloorplan.mbtiles in Resources */ = {isa = PBXBuildFile; fileRef = DB2DF93D1A1E95A300103DE9 /* cornellfloorplan.mbtiles */; };
		DB2DF97E1A1EE85E00103DE9 /* Cornell_NYC_Tech_logo.png in Resources */ = {isa = PBXBuildFile; fileRef = DB2DF97D1A1EE85E00103DE9 /* Cornell_NYC_Tech_logo.png */; };
		DBED9F011A37DB66009BEFD9 /* icon.png in Resources */ = {isa = PBXBuildFile; fileRef = DBED9F001A37DB66009BEFD9 /* icon.png */; };
/* End PBXBuildFile section */

/* Begin PBXContainerItemProxy section */
		48BDE1491A16D394004460F8 /* PBXContainerItemProxy */ = {
			isa = PBXContainerItemProxy;
			containerPortal = 48BDE1271A16D393004460F8 /* Project object */;
			proxyType = 1;
			remoteGlobalIDString = 48BDE12E1A16D393004460F8;
			remoteInfo = WeAreHere;
		};
/* End PBXContainerItemProxy section */

/* Begin PBXFileReference section */
		3859F4964D5C4608911E7B1F /* libPods-WeAreHere.a */ = {isa = PBXFileReference; explicitFileType = archive.ar; includeInIndex = 0; path = "libPods-WeAreHere.a"; sourceTree = BUILT_PRODUCTS_DIR; };
		4820746F1A37EA100083A938 /* WRHUserManager.h */ = {isa = PBXFileReference; fileEncoding = 4; lastKnownFileType = sourcecode.c.h; path = WRHUserManager.h; sourceTree = "<group>"; };
		482074701A37EA100083A938 /* WRHUserManager.m */ = {isa = PBXFileReference; fileEncoding = 4; lastKnownFileType = sourcecode.c.objc; path = WRHUserManager.m; sourceTree = "<group>"; };
		482074721A37EE2A0083A938 /* WRHUser.h */ = {isa = PBXFileReference; fileEncoding = 4; lastKnownFileType = sourcecode.c.h; path = WRHUser.h; sourceTree = "<group>"; };
		482074731A37EE2A0083A938 /* WRHUser.m */ = {isa = PBXFileReference; fileEncoding = 4; lastKnownFileType = sourcecode.c.objc; path = WRHUser.m; sourceTree = "<group>"; };
		48A5A86C1A1F056800611DD8 /* WRHOccupancyManager.h */ = {isa = PBXFileReference; fileEncoding = 4; lastKnownFileType = sourcecode.c.h; path = WRHOccupancyManager.h; sourceTree = "<group>"; };
		48A5A86D1A1F056800611DD8 /* WRHOccupancyManager.m */ = {isa = PBXFileReference; fileEncoding = 4; lastKnownFileType = sourcecode.c.objc; path = WRHOccupancyManager.m; sourceTree = "<group>"; };
		48A5A86F1A1F059400611DD8 /* WRHRoomManager.h */ = {isa = PBXFileReference; fileEncoding = 4; lastKnownFileType = sourcecode.c.h; path = WRHRoomManager.h; sourceTree = "<group>"; };
		48A5A8701A1F059400611DD8 /* WRHRoomManager.m */ = {isa = PBXFileReference; fileEncoding = 4; lastKnownFileType = sourcecode.c.objc; path = WRHRoomManager.m; sourceTree = "<group>"; };
		48BDE12F1A16D394004460F8 /* WeAreHere.app */ = {isa = PBXFileReference; explicitFileType = wrapper.application; includeInIndex = 0; path = WeAreHere.app; sourceTree = BUILT_PRODUCTS_DIR; };
		48BDE1331A16D394004460F8 /* Info.plist */ = {isa = PBXFileReference; lastKnownFileType = text.plist.xml; path = Info.plist; sourceTree = "<group>"; };
		48BDE1341A16D394004460F8 /* main.m */ = {isa = PBXFileReference; lastKnownFileType = sourcecode.c.objc; path = main.m; sourceTree = "<group>"; };
		48BDE1361A16D394004460F8 /* AppDelegate.h */ = {isa = PBXFileReference; lastKnownFileType = sourcecode.c.h; path = AppDelegate.h; sourceTree = "<group>"; };
		48BDE1371A16D394004460F8 /* AppDelegate.m */ = {isa = PBXFileReference; lastKnownFileType = sourcecode.c.objc; path = AppDelegate.m; sourceTree = "<group>"; };
		48BDE1391A16D394004460F8 /* ViewController.h */ = {isa = PBXFileReference; lastKnownFileType = sourcecode.c.h; path = ViewController.h; sourceTree = "<group>"; };
		48BDE13A1A16D394004460F8 /* ViewController.m */ = {isa = PBXFileReference; lastKnownFileType = sourcecode.c.objc; path = ViewController.m; sourceTree = "<group>"; };
		48BDE13D1A16D394004460F8 /* Base */ = {isa = PBXFileReference; lastKnownFileType = file.storyboard; name = Base; path = Base.lproj/Main.storyboard; sourceTree = "<group>"; };
		48BDE13F1A16D394004460F8 /* Images.xcassets */ = {isa = PBXFileReference; lastKnownFileType = folder.assetcatalog; path = Images.xcassets; sourceTree = "<group>"; };
		48BDE1421A16D394004460F8 /* Base */ = {isa = PBXFileReference; lastKnownFileType = file.xib; name = Base; path = Base.lproj/LaunchScreen.xib; sourceTree = "<group>"; };
		48BDE1481A16D394004460F8 /* WeAreHereTests.xctest */ = {isa = PBXFileReference; explicitFileType = wrapper.cfbundle; includeInIndex = 0; path = WeAreHereTests.xctest; sourceTree = BUILT_PRODUCTS_DIR; };
		48BDE14D1A16D394004460F8 /* Info.plist */ = {isa = PBXFileReference; lastKnownFileType = text.plist.xml; path = Info.plist; sourceTree = "<group>"; };
		48BDE14E1A16D394004460F8 /* WeAreHereTests.m */ = {isa = PBXFileReference; lastKnownFileType = sourcecode.c.objc; path = WeAreHereTests.m; sourceTree = "<group>"; };
		48BDE1581A16DAE4004460F8 /* WRHSampler.h */ = {isa = PBXFileReference; fileEncoding = 4; lastKnownFileType = sourcecode.c.h; path = WRHSampler.h; sourceTree = "<group>"; };
		48BDE1591A16DAE4004460F8 /* WRHSampler.m */ = {isa = PBXFileReference; fileEncoding = 4; lastKnownFileType = sourcecode.c.objc; path = WRHSampler.m; sourceTree = "<group>"; };
		48BDE18E1A171810004460F8 /* WRHIndoorLocationManager.h */ = {isa = PBXFileReference; fileEncoding = 4; lastKnownFileType = sourcecode.c.h; path = WRHIndoorLocationManager.h; sourceTree = "<group>"; };
		48BDE18F1A171810004460F8 /* WRHIndoorLocationManager.m */ = {isa = PBXFileReference; fileEncoding = 4; lastKnownFileType = sourcecode.c.objc; path = WRHIndoorLocationManager.m; sourceTree = "<group>"; };
		48E9F3E41A1E8D770042258E /* WRHCommunicationManager.h */ = {isa = PBXFileReference; fileEncoding = 4; lastKnownFileType = sourcecode.c.h; path = WRHCommunicationManager.h; sourceTree = "<group>"; };
		48E9F3E51A1E8D770042258E /* WRHCommunicationManager.m */ = {isa = PBXFileReference; fileEncoding = 4; lastKnownFileType = sourcecode.c.objc; path = WRHCommunicationManager.m; sourceTree = "<group>"; };
		48E9F3E71A1ED0410042258E /* WRHRoom.h */ = {isa = PBXFileReference; fileEncoding = 4; lastKnownFileType = sourcecode.c.h; path = WRHRoom.h; sourceTree = "<group>"; };
		48E9F3E81A1ED0410042258E /* WRHRoom.m */ = {isa = PBXFileReference; fileEncoding = 4; lastKnownFileType = sourcecode.c.objc; path = WRHRoom.m; sourceTree = "<group>"; };
		48E9F3ED1A1EDF5F0042258E /* WRHOccupancy.h */ = {isa = PBXFileReference; fileEncoding = 4; lastKnownFileType = sourcecode.c.h; path = WRHOccupancy.h; sourceTree = "<group>"; };
		48E9F3EE1A1EDF5F0042258E /* WRHOccupancy.m */ = {isa = PBXFileReference; fileEncoding = 4; lastKnownFileType = sourcecode.c.objc; path = WRHOccupancy.m; sourceTree = "<group>"; };
		48FE8F0B1A17267800A14C8D /* WRHSampleContainer.h */ = {isa = PBXFileReference; fileEncoding = 4; lastKnownFileType = sourcecode.c.h; path = WRHSampleContainer.h; sourceTree = "<group>"; };
		48FE8F0C1A17267800A14C8D /* WRHSampleContainer.m */ = {isa = PBXFileReference; fileEncoding = 4; lastKnownFileType = sourcecode.c.objc; path = WRHSampleContainer.m; sourceTree = "<group>"; };
		48FE8F0E1A17E98E00A14C8D /* MapKit.framework */ = {isa = PBXFileReference; lastKnownFileType = wrapper.framework; name = MapKit.framework; path = System/Library/Frameworks/MapKit.framework; sourceTree = SDKROOT; };
		AB394E11FBE52489284C0E9C /* Pods-WeAreHereTests.release.xcconfig */ = {isa = PBXFileReference; includeInIndex = 1; lastKnownFileType = text.xcconfig; name = "Pods-WeAreHereTests.release.xcconfig"; path = "Pods/Target Support Files/Pods-WeAreHereTests/Pods-WeAreHereTests.release.xcconfig"; sourceTree = "<group>"; };
		D0151DA42B0F4B1980B3CD84 /* libPods-WeAreHereTests.a */ = {isa = PBXFileReference; explicitFileType = archive.ar; includeInIndex = 0; path = "libPods-WeAreHereTests.a"; sourceTree = BUILT_PRODUCTS_DIR; };
		D2B7F6F1B6551236EA68DEF7 /* Pods-WeAreHere.debug.xcconfig */ = {isa = PBXFileReference; includeInIndex = 1; lastKnownFileType = text.xcconfig; name = "Pods-WeAreHere.debug.xcconfig"; path = "Pods/Target Support Files/Pods-WeAreHere/Pods-WeAreHere.debug.xcconfig"; sourceTree = "<group>"; };
		DB2DF9341A1E895900103DE9 /* LoginViewController.h */ = {isa = PBXFileReference; fileEncoding = 4; lastKnownFileType = sourcecode.c.h; path = LoginViewController.h; sourceTree = "<group>"; };
		DB2DF9351A1E895900103DE9 /* LoginViewController.m */ = {isa = PBXFileReference; fileEncoding = 4; lastKnownFileType = sourcecode.c.objc; path = LoginViewController.m; sourceTree = "<group>"; };
		DB2DF9371A1E8A5300103DE9 /* LocationsTableViewController.h */ = {isa = PBXFileReference; fileEncoding = 4; lastKnownFileType = sourcecode.c.h; path = LocationsTableViewController.h; sourceTree = "<group>"; };
		DB2DF9381A1E8A5300103DE9 /* LocationsTableViewController.m */ = {isa = PBXFileReference; fileEncoding = 4; lastKnownFileType = sourcecode.c.objc; path = LocationsTableViewController.m; sourceTree = "<group>"; };
		DB2DF93A1A1E940200103DE9 /* MapViewController.h */ = {isa = PBXFileReference; fileEncoding = 4; lastKnownFileType = sourcecode.c.h; path = MapViewController.h; sourceTree = "<group>"; };
		DB2DF93B1A1E940200103DE9 /* MapViewController.m */ = {isa = PBXFileReference; fileEncoding = 4; lastKnownFileType = sourcecode.c.objc; path = MapViewController.m; sourceTree = "<group>"; };
		DB2DF93D1A1E95A300103DE9 /* cornellfloorplan.mbtiles */ = {isa = PBXFileReference; lastKnownFileType = file; name = cornellfloorplan.mbtiles; path = WeAreHere/cornellfloorplan.mbtiles; sourceTree = "<group>"; };
		DB2DF97D1A1EE85E00103DE9 /* Cornell_NYC_Tech_logo.png */ = {isa = PBXFileReference; lastKnownFileType = image.png; path = Cornell_NYC_Tech_logo.png; sourceTree = "<group>"; };
		DBED9F001A37DB66009BEFD9 /* icon.png */ = {isa = PBXFileReference; lastKnownFileType = image.png; path = icon.png; sourceTree = "<group>"; };
		ECFA41194F5AEAC8E15040F0 /* Pods-WeAreHereTests.debug.xcconfig */ = {isa = PBXFileReference; includeInIndex = 1; lastKnownFileType = text.xcconfig; name = "Pods-WeAreHereTests.debug.xcconfig"; path = "Pods/Target Support Files/Pods-WeAreHereTests/Pods-WeAreHereTests.debug.xcconfig"; sourceTree = "<group>"; };
		FC525FBA257296B39D97F1B9 /* Pods-WeAreHere.release.xcconfig */ = {isa = PBXFileReference; includeInIndex = 1; lastKnownFileType = text.xcconfig; name = "Pods-WeAreHere.release.xcconfig"; path = "Pods/Target Support Files/Pods-WeAreHere/Pods-WeAreHere.release.xcconfig"; sourceTree = "<group>"; };
/* End PBXFileReference section */

/* Begin PBXFrameworksBuildPhase section */
		48BDE12C1A16D393004460F8 /* Frameworks */ = {
			isa = PBXFrameworksBuildPhase;
			buildActionMask = 2147483647;
			files = (
				48FE8F0F1A17E98E00A14C8D /* MapKit.framework in Frameworks */,
				3179A73038DA4FC482974E89 /* libPods-WeAreHere.a in Frameworks */,
			);
			runOnlyForDeploymentPostprocessing = 0;
		};
		48BDE1451A16D394004460F8 /* Frameworks */ = {
			isa = PBXFrameworksBuildPhase;
			buildActionMask = 2147483647;
			files = (
				6AB643720A0B4708BEA0C6C7 /* libPods-WeAreHereTests.a in Frameworks */,
			);
			runOnlyForDeploymentPostprocessing = 0;
		};
/* End PBXFrameworksBuildPhase section */

/* Begin PBXGroup section */
		48BDE1261A16D393004460F8 = {
			isa = PBXGroup;
			children = (
				DBED9F001A37DB66009BEFD9 /* icon.png */,
				DB2DF93E1A1E961B00103DE9 /* Resources */,
				48BDE1311A16D394004460F8 /* WeAreHere */,
				48BDE14B1A16D394004460F8 /* WeAreHereTests */,
				48BDE1301A16D394004460F8 /* Products */,
				7C7E3B5C0F034BFCAFA6583D /* Frameworks */,
				4F1B3514C0FCD02E2C806EA3 /* Pods */,
			);
			sourceTree = "<group>";
		};
		48BDE1301A16D394004460F8 /* Products */ = {
			isa = PBXGroup;
			children = (
				48BDE12F1A16D394004460F8 /* WeAreHere.app */,
				48BDE1481A16D394004460F8 /* WeAreHereTests.xctest */,
			);
			name = Products;
			sourceTree = "<group>";
		};
		48BDE1311A16D394004460F8 /* WeAreHere */ = {
			isa = PBXGroup;
			children = (
				48BDE1361A16D394004460F8 /* AppDelegate.h */,
				48BDE1371A16D394004460F8 /* AppDelegate.m */,
				48BDE15B1A16DAFA004460F8 /* Controllers */,
				48BDE1391A16D394004460F8 /* ViewController.h */,
				48BDE13A1A16D394004460F8 /* ViewController.m */,
				48BDE13C1A16D394004460F8 /* Main.storyboard */,
				DB2DF93A1A1E940200103DE9 /* MapViewController.h */,
				DB2DF93B1A1E940200103DE9 /* MapViewController.m */,
				DB2DF9371A1E8A5300103DE9 /* LocationsTableViewController.h */,
				DB2DF9381A1E8A5300103DE9 /* LocationsTableViewController.m */,
				DB2DF9341A1E895900103DE9 /* LoginViewController.h */,
				DB2DF9351A1E895900103DE9 /* LoginViewController.m */,
				48BDE13F1A16D394004460F8 /* Images.xcassets */,
				48BDE1411A16D394004460F8 /* LaunchScreen.xib */,
				48BDE1321A16D394004460F8 /* Supporting Files */,
			);
			path = WeAreHere;
			sourceTree = "<group>";
		};
		48BDE1321A16D394004460F8 /* Supporting Files */ = {
			isa = PBXGroup;
			children = (
				48BDE1331A16D394004460F8 /* Info.plist */,
				48BDE1341A16D394004460F8 /* main.m */,
			);
			name = "Supporting Files";
			sourceTree = "<group>";
		};
		48BDE14B1A16D394004460F8 /* WeAreHereTests */ = {
			isa = PBXGroup;
			children = (
				48BDE14E1A16D394004460F8 /* WeAreHereTests.m */,
				48BDE14C1A16D394004460F8 /* Supporting Files */,
			);
			path = WeAreHereTests;
			sourceTree = "<group>";
		};
		48BDE14C1A16D394004460F8 /* Supporting Files */ = {
			isa = PBXGroup;
			children = (
				48BDE14D1A16D394004460F8 /* Info.plist */,
			);
			name = "Supporting Files";
			sourceTree = "<group>";
		};
		48BDE15B1A16DAFA004460F8 /* Controllers */ = {
			isa = PBXGroup;
			children = (
				48BDE1591A16DAE4004460F8 /* WRHSampler.m */,
				48BDE1581A16DAE4004460F8 /* WRHSampler.h */,
				48FE8F0B1A17267800A14C8D /* WRHSampleContainer.h */,
				48FE8F0C1A17267800A14C8D /* WRHSampleContainer.m */,
				48BDE18E1A171810004460F8 /* WRHIndoorLocationManager.h */,
				48BDE18F1A171810004460F8 /* WRHIndoorLocationManager.m */,
				482074721A37EE2A0083A938 /* WRHUser.h */,
				482074731A37EE2A0083A938 /* WRHUser.m */,
				4820746F1A37EA100083A938 /* WRHUserManager.h */,
				482074701A37EA100083A938 /* WRHUserManager.m */,
				48E9F3E41A1E8D770042258E /* WRHCommunicationManager.h */,
				48E9F3E51A1E8D770042258E /* WRHCommunicationManager.m */,
				48E9F3ED1A1EDF5F0042258E /* WRHOccupancy.h */,
				48E9F3EE1A1EDF5F0042258E /* WRHOccupancy.m */,
				48A5A86C1A1F056800611DD8 /* WRHOccupancyManager.h */,
				48A5A86D1A1F056800611DD8 /* WRHOccupancyManager.m */,
				48E9F3E71A1ED0410042258E /* WRHRoom.h */,
				48E9F3E81A1ED0410042258E /* WRHRoom.m */,
				48A5A86F1A1F059400611DD8 /* WRHRoomManager.h */,
				48A5A8701A1F059400611DD8 /* WRHRoomManager.m */,
			);
			name = Controllers;
			sourceTree = "<group>";
		};
		4F1B3514C0FCD02E2C806EA3 /* Pods */ = {
			isa = PBXGroup;
			children = (
				D2B7F6F1B6551236EA68DEF7 /* Pods-WeAreHere.debug.xcconfig */,
				FC525FBA257296B39D97F1B9 /* Pods-WeAreHere.release.xcconfig */,
				ECFA41194F5AEAC8E15040F0 /* Pods-WeAreHereTests.debug.xcconfig */,
				AB394E11FBE52489284C0E9C /* Pods-WeAreHereTests.release.xcconfig */,
			);
			name = Pods;
			sourceTree = "<group>";
		};
		7C7E3B5C0F034BFCAFA6583D /* Frameworks */ = {
			isa = PBXGroup;
			children = (
				48FE8F0E1A17E98E00A14C8D /* MapKit.framework */,
				3859F4964D5C4608911E7B1F /* libPods-WeAreHere.a */,
				D0151DA42B0F4B1980B3CD84 /* libPods-WeAreHereTests.a */,
			);
			name = Frameworks;
			sourceTree = "<group>";
		};
		DB2DF93E1A1E961B00103DE9 /* Resources */ = {
			isa = PBXGroup;
			children = (
				DB2DF97D1A1EE85E00103DE9 /* Cornell_NYC_Tech_logo.png */,
				DB2DF93D1A1E95A300103DE9 /* cornellfloorplan.mbtiles */,
			);
			name = Resources;
			sourceTree = "<group>";
		};
/* End PBXGroup section */

/* Begin PBXNativeTarget section */
		48BDE12E1A16D393004460F8 /* WeAreHere */ = {
			isa = PBXNativeTarget;
			buildConfigurationList = 48BDE1521A16D394004460F8 /* Build configuration list for PBXNativeTarget "WeAreHere" */;
			buildPhases = (
				80BA4CD1584144A898A541C6 /* Check Pods Manifest.lock */,
				48BDE12B1A16D393004460F8 /* Sources */,
				48BDE12C1A16D393004460F8 /* Frameworks */,
				48BDE12D1A16D393004460F8 /* Resources */,
				4B976094D59343858761ACF1 /* Copy Pods Resources */,
			);
			buildRules = (
			);
			dependencies = (
			);
			name = WeAreHere;
			productName = WeAreHere;
			productReference = 48BDE12F1A16D394004460F8 /* WeAreHere.app */;
			productType = "com.apple.product-type.application";
		};
		48BDE1471A16D394004460F8 /* WeAreHereTests */ = {
			isa = PBXNativeTarget;
			buildConfigurationList = 48BDE1551A16D394004460F8 /* Build configuration list for PBXNativeTarget "WeAreHereTests" */;
			buildPhases = (
				17C451F09EB247508CDAC8D7 /* Check Pods Manifest.lock */,
				48BDE1441A16D394004460F8 /* Sources */,
				48BDE1451A16D394004460F8 /* Frameworks */,
				48BDE1461A16D394004460F8 /* Resources */,
				8FE8950417EF496A841A4F44 /* Copy Pods Resources */,
			);
			buildRules = (
			);
			dependencies = (
				48BDE14A1A16D394004460F8 /* PBXTargetDependency */,
			);
			name = WeAreHereTests;
			productName = WeAreHereTests;
			productReference = 48BDE1481A16D394004460F8 /* WeAreHereTests.xctest */;
			productType = "com.apple.product-type.bundle.unit-test";
		};
/* End PBXNativeTarget section */

/* Begin PBXProject section */
		48BDE1271A16D393004460F8 /* Project object */ = {
			isa = PBXProject;
			attributes = {
				LastUpgradeCheck = 0610;
				ORGANIZATIONNAME = "JKNLTW-MAUC";
				TargetAttributes = {
					48BDE12E1A16D393004460F8 = {
						CreatedOnToolsVersion = 6.1;
						DevelopmentTeam = AA753846B2;
						SystemCapabilities = {
							com.apple.BackgroundModes = {
								enabled = 1;
							};
							com.apple.Maps.iOS = {
								enabled = 1;
							};
						};
					};
					48BDE1471A16D394004460F8 = {
						CreatedOnToolsVersion = 6.1;
						DevelopmentTeam = AA753846B2;
						TestTargetID = 48BDE12E1A16D393004460F8;
					};
				};
			};
			buildConfigurationList = 48BDE12A1A16D393004460F8 /* Build configuration list for PBXProject "WeAreHere" */;
			compatibilityVersion = "Xcode 3.2";
			developmentRegion = English;
			hasScannedForEncodings = 0;
			knownRegions = (
				en,
				Base,
			);
			mainGroup = 48BDE1261A16D393004460F8;
			productRefGroup = 48BDE1301A16D394004460F8 /* Products */;
			projectDirPath = "";
			projectRoot = "";
			targets = (
				48BDE12E1A16D393004460F8 /* WeAreHere */,
				48BDE1471A16D394004460F8 /* WeAreHereTests */,
			);
		};
/* End PBXProject section */

/* Begin PBXResourcesBuildPhase section */
		48BDE12D1A16D393004460F8 /* Resources */ = {
			isa = PBXResourcesBuildPhase;
			buildActionMask = 2147483647;
			files = (
				DB2DF93F1A1E96D500103DE9 /* cornellfloorplan.mbtiles in Resources */,
				48BDE13E1A16D394004460F8 /* Main.storyboard in Resources */,
				DBED9F011A37DB66009BEFD9 /* icon.png in Resources */,
				48BDE1431A16D394004460F8 /* LaunchScreen.xib in Resources */,
				48BDE1401A16D394004460F8 /* Images.xcassets in Resources */,
				DB2DF97E1A1EE85E00103DE9 /* Cornell_NYC_Tech_logo.png in Resources */,
			);
			runOnlyForDeploymentPostprocessing = 0;
		};
		48BDE1461A16D394004460F8 /* Resources */ = {
			isa = PBXResourcesBuildPhase;
			buildActionMask = 2147483647;
			files = (
			);
			runOnlyForDeploymentPostprocessing = 0;
		};
/* End PBXResourcesBuildPhase section */

/* Begin PBXShellScriptBuildPhase section */
		17C451F09EB247508CDAC8D7 /* Check Pods Manifest.lock */ = {
			isa = PBXShellScriptBuildPhase;
			buildActionMask = 2147483647;
			files = (
			);
			inputPaths = (
			);
			name = "Check Pods Manifest.lock";
			outputPaths = (
			);
			runOnlyForDeploymentPostprocessing = 0;
			shellPath = /bin/sh;
			shellScript = "diff \"${PODS_ROOT}/../Podfile.lock\" \"${PODS_ROOT}/Manifest.lock\" > /dev/null\nif [[ $? != 0 ]] ; then\n    cat << EOM\nerror: The sandbox is not in sync with the Podfile.lock. Run 'pod install' or update your CocoaPods installation.\nEOM\n    exit 1\nfi\n";
			showEnvVarsInLog = 0;
		};
		4B976094D59343858761ACF1 /* Copy Pods Resources */ = {
			isa = PBXShellScriptBuildPhase;
			buildActionMask = 2147483647;
			files = (
			);
			inputPaths = (
			);
			name = "Copy Pods Resources";
			outputPaths = (
			);
			runOnlyForDeploymentPostprocessing = 0;
			shellPath = /bin/sh;
			shellScript = "\"${SRCROOT}/Pods/Target Support Files/Pods-WeAreHere/Pods-WeAreHere-resources.sh\"\n";
			showEnvVarsInLog = 0;
		};
		80BA4CD1584144A898A541C6 /* Check Pods Manifest.lock */ = {
			isa = PBXShellScriptBuildPhase;
			buildActionMask = 2147483647;
			files = (
			);
			inputPaths = (
			);
			name = "Check Pods Manifest.lock";
			outputPaths = (
			);
			runOnlyForDeploymentPostprocessing = 0;
			shellPath = /bin/sh;
			shellScript = "diff \"${PODS_ROOT}/../Podfile.lock\" \"${PODS_ROOT}/Manifest.lock\" > /dev/null\nif [[ $? != 0 ]] ; then\n    cat << EOM\nerror: The sandbox is not in sync with the Podfile.lock. Run 'pod install' or update your CocoaPods installation.\nEOM\n    exit 1\nfi\n";
			showEnvVarsInLog = 0;
		};
		8FE8950417EF496A841A4F44 /* Copy Pods Resources */ = {
			isa = PBXShellScriptBuildPhase;
			buildActionMask = 2147483647;
			files = (
			);
			inputPaths = (
			);
			name = "Copy Pods Resources";
			outputPaths = (
			);
			runOnlyForDeploymentPostprocessing = 0;
			shellPath = /bin/sh;
			shellScript = "\"${SRCROOT}/Pods/Target Support Files/Pods-WeAreHereTests/Pods-WeAreHereTests-resources.sh\"\n";
			showEnvVarsInLog = 0;
		};
/* End PBXShellScriptBuildPhase section */

/* Begin PBXSourcesBuildPhase section */
		48BDE12B1A16D393004460F8 /* Sources */ = {
			isa = PBXSourcesBuildPhase;
			buildActionMask = 2147483647;
			files = (
				48BDE1901A171810004460F8 /* WRHIndoorLocationManager.m in Sources */,
				48E9F3E61A1E8D770042258E /* WRHCommunicationManager.m in Sources */,
				48E9F3E91A1ED0410042258E /* WRHRoom.m in Sources */,
				48BDE15A1A16DAE4004460F8 /* WRHSampler.m in Sources */,
				482074741A37EE2A0083A938 /* WRHUser.m in Sources */,
				48A5A8711A1F059400611DD8 /* WRHRoomManager.m in Sources */,
				48BDE13B1A16D394004460F8 /* ViewController.m in Sources */,
				DB2DF93C1A1E940200103DE9 /* MapViewController.m in Sources */,
				48A5A86E1A1F056800611DD8 /* WRHOccupancyManager.m in Sources */,
				48BDE1381A16D394004460F8 /* AppDelegate.m in Sources */,
				482074711A37EA100083A938 /* WRHUserManager.m in Sources */,
				DB2DF9391A1E8A5300103DE9 /* LocationsTableViewController.m in Sources */,
				DB2DF9361A1E895900103DE9 /* LoginViewController.m in Sources */,
				48BDE1351A16D394004460F8 /* main.m in Sources */,
				48E9F3EF1A1EDF5F0042258E /* WRHOccupancy.m in Sources */,
				48FE8F0D1A17267800A14C8D /* WRHSampleContainer.m in Sources */,
			);
			runOnlyForDeploymentPostprocessing = 0;
		};
		48BDE1441A16D394004460F8 /* Sources */ = {
			isa = PBXSourcesBuildPhase;
			buildActionMask = 2147483647;
			files = (
				48BDE14F1A16D394004460F8 /* WeAreHereTests.m in Sources */,
			);
			runOnlyForDeploymentPostprocessing = 0;
		};
/* End PBXSourcesBuildPhase section */

/* Begin PBXTargetDependency section */
		48BDE14A1A16D394004460F8 /* PBXTargetDependency */ = {
			isa = PBXTargetDependency;
			target = 48BDE12E1A16D393004460F8 /* WeAreHere */;
			targetProxy = 48BDE1491A16D394004460F8 /* PBXContainerItemProxy */;
		};
/* End PBXTargetDependency section */

/* Begin PBXVariantGroup section */
		48BDE13C1A16D394004460F8 /* Main.storyboard */ = {
			isa = PBXVariantGroup;
			children = (
				48BDE13D1A16D394004460F8 /* Base */,
			);
			name = Main.storyboard;
			sourceTree = "<group>";
		};
		48BDE1411A16D394004460F8 /* LaunchScreen.xib */ = {
			isa = PBXVariantGroup;
			children = (
				48BDE1421A16D394004460F8 /* Base */,
			);
			name = LaunchScreen.xib;
			sourceTree = "<group>";
		};
/* End PBXVariantGroup section */

/* Begin XCBuildConfiguration section */
		48BDE1501A16D394004460F8 /* Debug */ = {
			isa = XCBuildConfiguration;
			buildSettings = {
				ALWAYS_SEARCH_USER_PATHS = NO;
				CLANG_CXX_LANGUAGE_STANDARD = "gnu++0x";
				CLANG_CXX_LIBRARY = "libc++";
				CLANG_ENABLE_MODULES = YES;
				CLANG_ENABLE_OBJC_ARC = YES;
				CLANG_WARN_BOOL_CONVERSION = YES;
				CLANG_WARN_CONSTANT_CONVERSION = YES;
				CLANG_WARN_DIRECT_OBJC_ISA_USAGE = YES_ERROR;
				CLANG_WARN_EMPTY_BODY = YES;
				CLANG_WARN_ENUM_CONVERSION = YES;
				CLANG_WARN_INT_CONVERSION = YES;
				CLANG_WARN_OBJC_ROOT_CLASS = YES_ERROR;
				CLANG_WARN_UNREACHABLE_CODE = YES;
				CLANG_WARN__DUPLICATE_METHOD_MATCH = YES;
				"CODE_SIGN_IDENTITY[sdk=iphoneos*]" = "iPhone Developer";
				COPY_PHASE_STRIP = NO;
				ENABLE_STRICT_OBJC_MSGSEND = YES;
				GCC_C_LANGUAGE_STANDARD = gnu99;
				GCC_DYNAMIC_NO_PIC = NO;
				GCC_OPTIMIZATION_LEVEL = 0;
				GCC_PREPROCESSOR_DEFINITIONS = (
					"DEBUG=1",
					"$(inherited)",
				);
				GCC_SYMBOLS_PRIVATE_EXTERN = NO;
				GCC_WARN_64_TO_32_BIT_CONVERSION = YES;
				GCC_WARN_ABOUT_RETURN_TYPE = YES_ERROR;
				GCC_WARN_UNDECLARED_SELECTOR = YES;
				GCC_WARN_UNINITIALIZED_AUTOS = YES_AGGRESSIVE;
				GCC_WARN_UNUSED_FUNCTION = YES;
				GCC_WARN_UNUSED_VARIABLE = YES;
				IPHONEOS_DEPLOYMENT_TARGET = 8.1;
				MTL_ENABLE_DEBUG_INFO = YES;
				ONLY_ACTIVE_ARCH = YES;
				SDKROOT = iphoneos;
			};
			name = Debug;
		};
		48BDE1511A16D394004460F8 /* Release */ = {
			isa = XCBuildConfiguration;
			buildSettings = {
				ALWAYS_SEARCH_USER_PATHS = NO;
				CLANG_CXX_LANGUAGE_STANDARD = "gnu++0x";
				CLANG_CXX_LIBRARY = "libc++";
				CLANG_ENABLE_MODULES = YES;
				CLANG_ENABLE_OBJC_ARC = YES;
				CLANG_WARN_BOOL_CONVERSION = YES;
				CLANG_WARN_CONSTANT_CONVERSION = YES;
				CLANG_WARN_DIRECT_OBJC_ISA_USAGE = YES_ERROR;
				CLANG_WARN_EMPTY_BODY = YES;
				CLANG_WARN_ENUM_CONVERSION = YES;
				CLANG_WARN_INT_CONVERSION = YES;
				CLANG_WARN_OBJC_ROOT_CLASS = YES_ERROR;
				CLANG_WARN_UNREACHABLE_CODE = YES;
				CLANG_WARN__DUPLICATE_METHOD_MATCH = YES;
				"CODE_SIGN_IDENTITY[sdk=iphoneos*]" = "iPhone Distribution: James Kizer (AA753846B2)";
				COPY_PHASE_STRIP = YES;
				ENABLE_NS_ASSERTIONS = NO;
				ENABLE_STRICT_OBJC_MSGSEND = YES;
				GCC_C_LANGUAGE_STANDARD = gnu99;
				GCC_WARN_64_TO_32_BIT_CONVERSION = YES;
				GCC_WARN_ABOUT_RETURN_TYPE = YES_ERROR;
				GCC_WARN_UNDECLARED_SELECTOR = YES;
				GCC_WARN_UNINITIALIZED_AUTOS = YES_AGGRESSIVE;
				GCC_WARN_UNUSED_FUNCTION = YES;
				GCC_WARN_UNUSED_VARIABLE = YES;
				IPHONEOS_DEPLOYMENT_TARGET = 8.1;
				MTL_ENABLE_DEBUG_INFO = NO;
				PROVISIONING_PROFILE = "0513b434-9d26-43ad-928a-71f634c30ce0";
				SDKROOT = iphoneos;
				VALIDATE_PRODUCT = YES;
			};
			name = Release;
		};
		48BDE1531A16D394004460F8 /* Debug */ = {
			isa = XCBuildConfiguration;
			baseConfigurationReference = D2B7F6F1B6551236EA68DEF7 /* Pods-WeAreHere.debug.xcconfig */;
			buildSettings = {
				ASSETCATALOG_COMPILER_APPICON_NAME = AppIcon;
				CODE_SIGN_IDENTITY = "iPhone Developer";
				"CODE_SIGN_IDENTITY[sdk=iphoneos*]" = "iPhone Developer";
				INFOPLIST_FILE = WeAreHere/Info.plist;
				LD_RUNPATH_SEARCH_PATHS = "$(inherited) @executable_path/Frameworks";
				PRODUCT_NAME = "$(TARGET_NAME)";
				PROVISIONING_PROFILE = "";
			};
			name = Debug;
		};
		48BDE1541A16D394004460F8 /* Release */ = {
			isa = XCBuildConfiguration;
			baseConfigurationReference = FC525FBA257296B39D97F1B9 /* Pods-WeAreHere.release.xcconfig */;
			buildSettings = {
				ASSETCATALOG_COMPILER_APPICON_NAME = AppIcon;
				CODE_SIGN_IDENTITY = "";
				"CODE_SIGN_IDENTITY[sdk=iphoneos*]" = "";
				INFOPLIST_FILE = WeAreHere/Info.plist;
				LD_RUNPATH_SEARCH_PATHS = "$(inherited) @executable_path/Frameworks";
				PRODUCT_NAME = "$(TARGET_NAME)";
				PROVISIONING_PROFILE = "0513b434-9d26-43ad-928a-71f634c30ce0";
			};
			name = Release;
		};
		48BDE1561A16D394004460F8 /* Debug */ = {
			isa = XCBuildConfiguration;
			baseConfigurationReference = ECFA41194F5AEAC8E15040F0 /* Pods-WeAreHereTests.debug.xcconfig */;
			buildSettings = {
				BUNDLE_LOADER = "$(TEST_HOST)";
				FRAMEWORK_SEARCH_PATHS = (
					"$(SDKROOT)/Developer/Library/Frameworks",
					"$(inherited)",
				);
				GCC_PREPROCESSOR_DEFINITIONS = (
					"DEBUG=1",
					"$(inherited)",
				);
				INFOPLIST_FILE = WeAreHereTests/Info.plist;
				LD_RUNPATH_SEARCH_PATHS = "$(inherited) @executable_path/Frameworks @loader_path/Frameworks";
				PRODUCT_NAME = "$(TARGET_NAME)";
				TEST_HOST = "$(BUILT_PRODUCTS_DIR)/WeAreHere.app/WeAreHere";
			};
			name = Debug;
		};
		48BDE1571A16D394004460F8 /* Release */ = {
			isa = XCBuildConfiguration;
			baseConfigurationReference = AB394E11FBE52489284C0E9C /* Pods-WeAreHereTests.release.xcconfig */;
			buildSettings = {
				BUNDLE_LOADER = "$(TEST_HOST)";
				FRAMEWORK_SEARCH_PATHS = (
					"$(SDKROOT)/Developer/Library/Frameworks",
					"$(inherited)",
				);
				INFOPLIST_FILE = WeAreHereTests/Info.plist;
				LD_RUNPATH_SEARCH_PATHS = "$(inherited) @executable_path/Frameworks @loader_path/Frameworks";
				PRODUCT_NAME = "$(TARGET_NAME)";
				TEST_HOST = "$(BUILT_PRODUCTS_DIR)/WeAreHere.app/WeAreHere";
			};
			name = Release;
		};
/* End XCBuildConfiguration section */

/* Begin XCConfigurationList section */
		48BDE12A1A16D393004460F8 /* Build configuration list for PBXProject "WeAreHere" */ = {
			isa = XCConfigurationList;
			buildConfigurations = (
				48BDE1501A16D394004460F8 /* Debug */,
				48BDE1511A16D394004460F8 /* Release */,
			);
			defaultConfigurationIsVisible = 0;
			defaultConfigurationName = Release;
		};
		48BDE1521A16D394004460F8 /* Build configuration list for PBXNativeTarget "WeAreHere" */ = {
			isa = XCConfigurationList;
			buildConfigurations = (
				48BDE1531A16D394004460F8 /* Debug */,
				48BDE1541A16D394004460F8 /* Release */,
			);
			defaultConfigurationIsVisible = 0;
			defaultConfigurationName = Release;
		};
		48BDE1551A16D394004460F8 /* Build configuration list for PBXNativeTarget "WeAreHereTests" */ = {
			isa = XCConfigurationList;
			buildConfigurations = (
				48BDE1561A16D394004460F8 /* Debug */,
				48BDE1571A16D394004460F8 /* Release */,
			);
			defaultConfigurationIsVisible = 0;
			defaultConfigurationName = Release;
		};
/* End XCConfigurationList section */
	};
	rootObject = 48BDE1271A16D393004460F8 /* Project object */;
}
